
Microsoft Visual Studio Solution File, Format Version 12.00
# Visual Studio Version 16
VisualStudioVersion = 16.0.31005.135
MinimumVisualStudioVersion = 10.0.40219.1
Project("{8BC9CEB8-8B4A-11D0-8D11-00A0C91BC942}") = "BOSS", "BOSS.vcxproj", "{9F8709E3-AC4F-45F2-8105-4A99D8E2A127}"
EndProject
Project("{8BC9CEB8-8B4A-11D0-8D11-00A0C91BC942}") = "BOSS_main", "BOSS_main.vcxproj", "{BD4AD06D-B208-433D-B340-DDAF56A6D050}"
	ProjectSection(ProjectDependencies) = postProject
		{9F8709E3-AC4F-45F2-8105-4A99D8E2A127} = {9F8709E3-AC4F-45F2-8105-4A99D8E2A127}
	EndProjectSection
EndProject
Project("{8BC9CEB8-8B4A-11D0-8D11-00A0C91BC942}") = "BOSS_sfml", "BOSS_sfml.vcxproj", "{32DF5E7C-C8A7-4508-B471-67C405BCF4B9}"
	ProjectSection(ProjectDependencies) = postProject
		{9F8709E3-AC4F-45F2-8105-4A99D8E2A127} = {9F8709E3-AC4F-45F2-8105-4A99D8E2A127}
	EndProjectSection
EndProject
Project("{8BC9CEB8-8B4A-11D0-8D11-00A0C91BC942}") = "BOSS_test", "BOSS_test.vcxproj", "{062C1809-C587-4FA0-A5E1-558FF7F550ED}"
	ProjectSection(ProjectDependencies) = postProject
		{9F8709E3-AC4F-45F2-8105-4A99D8E2A127} = {9F8709E3-AC4F-45F2-8105-4A99D8E2A127}
	EndProjectSection
EndProject
Global
	GlobalSection(SolutionConfigurationPlatforms) = preSolution
		Debug|x86 = Debug|x86
		Release|x86 = Release|x86
	EndGlobalSection
	GlobalSection(ProjectConfigurationPlatforms) = postSolution
		{9F8709E3-AC4F-45F2-8105-4A99D8E2A127}.Debug|x86.ActiveCfg = Debug|Win32
		{9F8709E3-AC4F-45F2-8105-4A99D8E2A127}.Debug|x86.Build.0 = Debug|Win32
		{9F8709E3-AC4F-45F2-8105-4A99D8E2A127}.Release|x86.ActiveCfg = Release|Win32
		{9F8709E3-AC4F-45F2-8105-4A99D8E2A127}.Release|x86.Build.0 = Release|Win32
		{BD4AD06D-B208-433D-B340-DDAF56A6D050}.Debug|x86.ActiveCfg = Debug|Win32
		{BD4AD06D-B208-433D-B340-DDAF56A6D050}.Debug|x86.Build.0 = Debug|Win32
		{BD4AD06D-B208-433D-B340-DDAF56A6D050}.Release|x86.ActiveCfg = Release|Win32
		{BD4AD06D-B208-433D-B340-DDAF56A6D050}.Release|x86.Build.0 = Release|Win32
		{32DF5E7C-C8A7-4508-B471-67C405BCF4B9}.Debug|x86.ActiveCfg = Debug|Win32
		{32DF5E7C-C8A7-4508-B471-67C405BCF4B9}.Debug|x86.Build.0 = Debug|Win32
		{32DF5E7C-C8A7-4508-B471-67C405BCF4B9}.Release|x86.ActiveCfg = Release|Win32
		{32DF5E7C-C8A7-4508-B471-67C405BCF4B9}.Release|x86.Build.0 = Release|Win32
		{062C1809-C587-4FA0-A5E1-558FF7F550ED}.Debug|x86.ActiveCfg = Debug|Win32
		{062C1809-C587-4FA0-A5E1-558FF7F550ED}.Debug|x86.Build.0 = Debug|Win32
		{062C1809-C587-4FA0-A5E1-558FF7F550ED}.Release|x86.ActiveCfg = Release|Win32
		{062C1809-C587-4FA0-A5E1-558FF7F550ED}.Release|x86.Build.0 = Release|Win32
	EndGlobalSection
	GlobalSection(SolutionProperties) = preSolution
		HideSolutionNode = FALSE
	EndGlobalSection
	GlobalSection(ExtensibilityGlobals) = postSolution
		SolutionGuid = {CAAD3648-559B-4ABC-A07A-4C750692285E}
	EndGlobalSection
EndGlobal
