<?xml version="1.0" encoding="utf-8"?>
<Project ToolsVersion="4.0" xmlns="http://schemas.microsoft.com/developer/msbuild/2003">
  <ItemGroup>
    <ClCompile Include="..\src\ActionType.cpp" />
    <ClCompile Include="..\src\ActionTypeData.cpp" />
    <ClCompile Include="..\src\main.cpp" />
    <ClCompile Include="..\src\BuildOrder.cpp" />
    <ClCompile Include="..\src\GameState.cpp" />
    <ClCompile Include="..\src\BOSS.cpp">
      <Filter>common</Filter>
    </ClCompile>
    <ClCompile Include="..\src\BOSSAssert.cpp">
      <Filter>common</Filter>
    </ClCompile>
    <ClCompile Include="..\src\BOSSException.cpp">
      <Filter>common</Filter>
    </ClCompile>
    <ClCompile Include="..\src\BOSSConfig.cpp">
      <Filter>common</Filter>
    </ClCompile>
    <ClCompile Include="..\src\Common.cpp">
      <Filter>common</Filter>
    </ClCompile>
    <ClCompile Include="..\src\JSONTools.cpp">
      <Filter>util</Filter>
    </ClCompile>
    <ClCompile Include="..\src\Eval.cpp">
      <Filter>util</Filter>
    </ClCompile>
    <ClCompile Include="..\src\BOSSExperiments.cpp" />
    <ClCompile Include="..\src\BuildOrderPlotter.cpp">
      <Filter>plot</Filter>
    </ClCompile>
    <ClCompile Include="..\src\BuildOrderPlotData.cpp">
      <Filter>plot</Filter>
    </ClCompile>
    <ClCompile Include="..\src\ExternalInterface.cpp">
      <Filter>util</Filter>
    </ClCompile>
    <ClCompile Include="..\src\Unit.cpp" />
    <ClCompile Include="..\src\DFBB_BuildOrderSearchParameters.cpp">
      <Filter>search\goal</Filter>
    </ClCompile>
    <ClCompile Include="..\src\DFBB_BuildOrderSearchResults.cpp">
      <Filter>search\goal</Filter>
    </ClCompile>
    <ClCompile Include="..\src\DFBB_BuildOrderSmartSearch.cpp">
      <Filter>search\goal</Filter>
    </ClCompile>
    <ClCompile Include="..\src\DFBB_BuildOrderStackSearch.cpp">
      <Filter>search\goal</Filter>
    </ClCompile>
    <ClCompile Include="..\src\BuildOrderSearchGoal.cpp">
      <Filter>search\goal</Filter>
    </ClCompile>
    <ClCompile Include="..\src\Tools.cpp">
      <Filter>util</Filter>
    </ClCompile>
    <ClCompile Include="..\src\ActionSet.cpp">
      <Filter>util</Filter>
    </ClCompile>
    <ClCompile Include="..\src\NaiveBuildOrderSearch.cpp">
      <Filter>search\goal</Filter>
    </ClCompile>
    <ClCompile Include="..\src\CombatSearch.cpp">
      <Filter>search\combat</Filter>
    </ClCompile>
    <ClCompile Include="..\src\CombatSearch_BestResponse.cpp">
      <Filter>search\combat</Filter>
    </ClCompile>
    <ClCompile Include="..\src\CombatSearch_BestResponseData.cpp">
      <Filter>search\combat</Filter>
    </ClCompile>
    <ClCompile Include="..\src\CombatSearch_Bucket.cpp">
      <Filter>search\combat</Filter>
    </ClCompile>
    <ClCompile Include="..\src\CombatSearch_BucketData.cpp">
      <Filter>search\combat</Filter>
    </ClCompile>
    <ClCompile Include="..\src\CombatSearch_Integral.cpp">
      <Filter>search\combat</Filter>
    </ClCompile>
    <ClCompile Include="..\src\CombatSearch_IntegralData.cpp">
      <Filter>search\combat</Filter>
    </ClCompile>
    <ClCompile Include="..\src\CombatSearchExperiment.cpp">
      <Filter>search\combat</Filter>
    </ClCompile>
    <ClCompile Include="..\src\CombatSearchParameters.cpp">
      <Filter>search\combat</Filter>
    </ClCompile>
    <ClCompile Include="..\src\CombatSearchResults.cpp">
      <Filter>search\combat</Filter>
    </ClCompile>
  </ItemGroup>
  <ItemGroup>
    <ClInclude Include="..\src\ActionType.h" />
    <ClInclude Include="..\src\ActionTypeData.h" />
    <ClInclude Include="..\src\BuildOrder.h" />
    <ClInclude Include="..\src\GameState.h" />
    <ClInclude Include="..\src\BOSS.h">
      <Filter>common</Filter>
    </ClInclude>
    <ClInclude Include="..\src\BOSSAssert.h">
      <Filter>common</Filter>
    </ClInclude>
    <ClInclude Include="..\src\BOSSException.h">
      <Filter>common</Filter>
    </ClInclude>
    <ClInclude Include="..\src\BOSSConfig.h">
      <Filter>common</Filter>
    </ClInclude>
    <ClInclude Include="..\src\Common.h">
      <Filter>common</Filter>
    </ClInclude>
    <ClInclude Include="..\src\JSONTools.h">
      <Filter>util</Filter>
    </ClInclude>
    <ClInclude Include="..\src\Timer.hpp">
      <Filter>util</Filter>
    </ClInclude>
    <ClInclude Include="..\src\Eval.h">
      <Filter>util</Filter>
    </ClInclude>
    <ClInclude Include="..\src\BOSSExperiments.h" />
    <ClInclude Include="..\src\json\json.hpp">
      <Filter>util</Filter>
    </ClInclude>
    <ClInclude Include="..\src\BuildOrderPlotter.h">
      <Filter>plot</Filter>
    </ClInclude>
    <ClInclude Include="..\src\BuildOrderPlotData.h">
      <Filter>plot</Filter>
    </ClInclude>
    <ClInclude Include="..\src\Unit.h" />
    <ClInclude Include="..\src\DFBB_BuildOrderSearchParameters.h">
      <Filter>search\goal</Filter>
    </ClInclude>
    <ClInclude Include="..\src\DFBB_BuildOrderSearchResults.h">
      <Filter>search\goal</Filter>
    </ClInclude>
    <ClInclude Include="..\src\DFBB_BuildOrderSmartSearch.h">
      <Filter>search\goal</Filter>
    </ClInclude>
    <ClInclude Include="..\src\DFBB_BuildOrderStackSearch.h">
      <Filter>search\goal</Filter>
    </ClInclude>
    <ClInclude Include="..\src\BuildOrderSearchGoal.h">
      <Filter>search\goal</Filter>
    </ClInclude>
    <ClInclude Include="..\src\Tools.h">
      <Filter>util</Filter>
    </ClInclude>
    <ClInclude Include="..\src\ActionSet.h">
      <Filter>util</Filter>
    </ClInclude>
    <ClInclude Include="..\src\NaiveBuildOrderSearch.h">
      <Filter>search\goal</Filter>
    </ClInclude>
    <ClInclude Include="..\src\CombatSearch.h">
      <Filter>search\combat</Filter>
    </ClInclude>
    <ClInclude Include="..\src\CombatSearch_BestResponse.h">
      <Filter>search\combat</Filter>
    </ClInclude>
    <ClInclude Include="..\src\CombatSearch_BestResponseData.h">
      <Filter>search\combat</Filter>
    </ClInclude>
    <ClInclude Include="..\src\CombatSearch_Bucket.h">
      <Filter>search\combat</Filter>
    </ClInclude>
    <ClInclude Include="..\src\CombatSearch_BucketData.h">
      <Filter>search\combat</Filter>
    </ClInclude>
    <ClInclude Include="..\src\CombatSearch_Integral.h">
      <Filter>search\combat</Filter>
    </ClInclude>
    <ClInclude Include="..\src\CombatSearch_IntegralData.h">
      <Filter>search\combat</Filter>
    </ClInclude>
    <ClInclude Include="..\src\CombatSearchExperiment.h">
      <Filter>search\combat</Filter>
    </ClInclude>
    <ClInclude Include="..\src\CombatSearchParameters.h">
      <Filter>search\combat</Filter>
    </ClInclude>
    <ClInclude Include="..\src\CombatSearchResults.h">
      <Filter>search\combat</Filter>
    </ClInclude>
  </ItemGroup>
  <ItemGroup>
    <Filter Include="BuildOrder">
      <UniqueIdentifier>{804d91b0-f4f3-4d83-9d93-27d0ef490532}</UniqueIdentifier>
    </Filter>
    <Filter Include="common">
      <UniqueIdentifier>{a3b62d23-f83c-4f84-adbc-15fb2522a4cd}</UniqueIdentifier>
    </Filter>
    <Filter Include="util">
      <UniqueIdentifier>{b4356788-9d1c-4810-9b88-bac65dbf6c46}</UniqueIdentifier>
    </Filter>
    <Filter Include="plot">
      <UniqueIdentifier>{1ec219dc-6f14-48ad-a5f4-3a13a73f6132}</UniqueIdentifier>
    </Filter>
    <Filter Include="search">
      <UniqueIdentifier>{9f663566-5e60-4903-af7c-205746d622b7}</UniqueIdentifier>
    </Filter>
    <Filter Include="search\combat">
      <UniqueIdentifier>{b2a4390b-818e-47b8-8b48-668754778cd6}</UniqueIdentifier>
    </Filter>
    <Filter Include="search\goal">
      <UniqueIdentifier>{2bfef9e3-4bdb-4d3f-9af7-d2d2a282bcf7}</UniqueIdentifier>
    </Filter>
  </ItemGroup>
</Project>