<?xml version="1.0" encoding="utf-8"?>
<Project ToolsVersion="4.0" xmlns="http://schemas.microsoft.com/developer/msbuild/2003">
  <ItemGroup>
    <ClCompile Include="..\src\search\BuildOrderSearchGoal.cpp">
      <Filter>search\BuildOrderSearch</Filter>
    </ClCompile>
    <ClCompile Include="..\src\search\DFBB_BuildOrderSearchParameters.cpp">
      <Filter>search\BuildOrderSearch</Filter>
    </ClCompile>
    <ClCompile Include="..\src\search\DFBB_BuildOrderSearchResults.cpp">
      <Filter>search\BuildOrderSearch</Filter>
    </ClCompile>
    <ClCompile Include="..\src\search\DFBB_BuildOrderSmartSearch.cpp">
      <Filter>search\BuildOrderSearch</Filter>
    </ClCompile>
    <ClCompile Include="..\src\search\DFBB_BuildOrderStackSearch.cpp">
      <Filter>search\BuildOrderSearch</Filter>
    </ClCompile>
    <ClCompile Include="..\src\search\CombatSearch.cpp">
      <Filter>search\CombatSearch</Filter>
    </ClCompile>
    <ClCompile Include="..\src\search\CombatSearch_BestResponse.cpp">
      <Filter>search\CombatSearch</Filter>
    </ClCompile>
    <ClCompile Include="..\src\search\CombatSearch_BestResponseData.cpp">
      <Filter>search\CombatSearch</Filter>
    </ClCompile>
    <ClCompile Include="..\src\search\CombatSearch_Bucket.cpp">
      <Filter>search\CombatSearch</Filter>
    </ClCompile>
    <ClCompile Include="..\src\search\CombatSearch_BucketData.cpp">
      <Filter>search\CombatSearch</Filter>
    </ClCompile>
    <ClCompile Include="..\src\search\CombatSearch_Integral.cpp">
      <Filter>search\CombatSearch</Filter>
    </ClCompile>
    <ClCompile Include="..\src\search\CombatSearch_IntegralData.cpp">
      <Filter>search\CombatSearch</Filter>
    </ClCompile>
    <ClCompile Include="..\src\search\CombatSearchParameters.cpp">
      <Filter>search\CombatSearch</Filter>
    </ClCompile>
    <ClCompile Include="..\src\search\CombatSearchResults.cpp">
      <Filter>search\CombatSearch</Filter>
    </ClCompile>
    <ClCompile Include="..\src\search\NaiveBuildOrderSearch.cpp">
      <Filter>search\NaiveSearch</Filter>
    </ClCompile>
    <ClCompile Include="..\src\BOSS\BOSS.cpp">
      <Filter>common</Filter>
    </ClCompile>
    <ClCompile Include="..\src\BOSS\BOSSAssert.cpp">
      <Filter>common</Filter>
    </ClCompile>
    <ClCompile Include="..\src\BOSS\BOSSConfig.cpp">
      <Filter>common</Filter>
    </ClCompile>
    <ClCompile Include="..\src\BOSS\BOSSException.cpp">
      <Filter>common</Filter>
    </ClCompile>
    <ClCompile Include="..\src\BOSS\Common.cpp">
      <Filter>common</Filter>
    </ClCompile>
    <ClCompile Include="..\src\BOSS\BuildOrderPlotData.cpp">
      <Filter>plot</Filter>
    </ClCompile>
    <ClCompile Include="..\src\BOSS\BuildOrderPlotter.cpp">
      <Filter>plot</Filter>
    </ClCompile>
    <ClCompile Include="..\src\BOSS\ActionSet.cpp">
      <Filter>util</Filter>
    </ClCompile>
    <ClCompile Include="..\src\BOSS\Eval.cpp">
      <Filter>util</Filter>
    </ClCompile>
    <ClCompile Include="..\src\BOSS\FileTools.cpp">
      <Filter>util</Filter>
    </ClCompile>
    <ClCompile Include="..\src\BOSS\JSONTools.cpp">
      <Filter>util</Filter>
    </ClCompile>
    <ClCompile Include="..\src\BOSS\Tools.cpp">
      <Filter>util</Filter>
    </ClCompile>
    <ClCompile Include="..\src\BOSS\ActionType.cpp" />
    <ClCompile Include="..\src\BOSS\ActionTypeData.cpp" />
    <ClCompile Include="..\src\BOSS\BuildOrder.cpp" />
    <ClCompile Include="..\src\BOSS\GameState.cpp" />
    <ClCompile Include="..\src\BOSS\Unit.cpp" />
  </ItemGroup>
  <ItemGroup>
    <ClInclude Include="..\src\json\json.hpp">
      <Filter>util</Filter>
    </ClInclude>
    <ClInclude Include="..\src\search\BuildOrderSearchGoal.h">
      <Filter>search\BuildOrderSearch</Filter>
    </ClInclude>
    <ClInclude Include="..\src\search\DFBB_BuildOrderSearchParameters.h">
      <Filter>search\BuildOrderSearch</Filter>
    </ClInclude>
    <ClInclude Include="..\src\search\DFBB_BuildOrderSearchResults.h">
      <Filter>search\BuildOrderSearch</Filter>
    </ClInclude>
    <ClInclude Include="..\src\search\DFBB_BuildOrderSmartSearch.h">
      <Filter>search\BuildOrderSearch</Filter>
    </ClInclude>
    <ClInclude Include="..\src\search\DFBB_BuildOrderStackSearch.h">
      <Filter>search\BuildOrderSearch</Filter>
    </ClInclude>
    <ClInclude Include="..\src\search\CombatSearch.h">
      <Filter>search\CombatSearch</Filter>
    </ClInclude>
    <ClInclude Include="..\src\search\CombatSearch_BestResponse.h">
      <Filter>search\CombatSearch</Filter>
    </ClInclude>
    <ClInclude Include="..\src\search\CombatSearch_BestResponseData.h">
      <Filter>search\CombatSearch</Filter>
    </ClInclude>
    <ClInclude Include="..\src\search\CombatSearch_Bucket.h">
      <Filter>search\CombatSearch</Filter>
    </ClInclude>
    <ClInclude Include="..\src\search\CombatSearch_BucketData.h">
      <Filter>search\CombatSearch</Filter>
    </ClInclude>
    <ClInclude Include="..\src\search\CombatSearch_Integral.h">
      <Filter>search\CombatSearch</Filter>
    </ClInclude>
    <ClInclude Include="..\src\search\CombatSearch_IntegralData.h">
      <Filter>search\CombatSearch</Filter>
    </ClInclude>
    <ClInclude Include="..\src\search\CombatSearchParameters.h">
      <Filter>search\CombatSearch</Filter>
    </ClInclude>
    <ClInclude Include="..\src\search\CombatSearchResults.h">
      <Filter>search\CombatSearch</Filter>
    </ClInclude>
    <ClInclude Include="..\src\search\NaiveBuildOrderSearch.h">
      <Filter>search\NaiveSearch</Filter>
    </ClInclude>
    <ClInclude Include="..\src\BOSS\BOSS.h">
      <Filter>common</Filter>
    </ClInclude>
    <ClInclude Include="..\src\BOSS\BOSSAssert.h">
      <Filter>common</Filter>
    </ClInclude>
    <ClInclude Include="..\src\BOSS\BOSSConfig.h">
      <Filter>common</Filter>
    </ClInclude>
    <ClInclude Include="..\src\BOSS\BOSSException.h">
      <Filter>common</Filter>
    </ClInclude>
    <ClInclude Include="..\src\BOSS\Common.h">
      <Filter>common</Filter>
    </ClInclude>
    <ClInclude Include="..\src\BOSS\BuildOrderPlotData.h">
      <Filter>plot</Filter>
    </ClInclude>
    <ClInclude Include="..\src\BOSS\BuildOrderPlotter.h">
      <Filter>plot</Filter>
    </ClInclude>
    <ClInclude Include="..\src\BOSS\ActionSet.h">
      <Filter>util</Filter>
    </ClInclude>
    <ClInclude Include="..\src\BOSS\Eval.h">
      <Filter>util</Filter>
    </ClInclude>
    <ClInclude Include="..\src\BOSS\FileTools.h">
      <Filter>util</Filter>
    </ClInclude>
    <ClInclude Include="..\src\BOSS\JSONTools.h">
      <Filter>util</Filter>
    </ClInclude>
    <ClInclude Include="..\src\BOSS\Timer.hpp">
      <Filter>util</Filter>
    </ClInclude>
    <ClInclude Include="..\src\BOSS\Tools.h">
      <Filter>util</Filter>
    </ClInclude>
    <ClInclude Include="..\src\BOSS\ActionType.h" />
    <ClInclude Include="..\src\BOSS\ActionTypeData.h" />
    <ClInclude Include="..\src\BOSS\BuildOrder.h" />
    <ClInclude Include="..\src\BOSS\GameState.h" />
    <ClInclude Include="..\src\BOSS\Unit.h" />
  </ItemGroup>
  <ItemGroup>
    <Filter Include="common">
      <UniqueIdentifier>{a3b62d23-f83c-4f84-adbc-15fb2522a4cd}</UniqueIdentifier>
    </Filter>
    <Filter Include="util">
      <UniqueIdentifier>{b4356788-9d1c-4810-9b88-bac65dbf6c46}</UniqueIdentifier>
    </Filter>
    <Filter Include="plot">
      <UniqueIdentifier>{1ec219dc-6f14-48ad-a5f4-3a13a73f6132}</UniqueIdentifier>
    </Filter>
    <Filter Include="search">
      <UniqueIdentifier>{9f663566-5e60-4903-af7c-205746d622b7}</UniqueIdentifier>
    </Filter>
    <Filter Include="search\CombatSearch">
      <UniqueIdentifier>{b2a4390b-818e-47b8-8b48-668754778cd6}</UniqueIdentifier>
    </Filter>
    <Filter Include="search\BuildOrderSearch">
      <UniqueIdentifier>{2bfef9e3-4bdb-4d3f-9af7-d2d2a282bcf7}</UniqueIdentifier>
    </Filter>
    <Filter Include="search\NaiveSearch">
      <UniqueIdentifier>{46760ebb-f942-4939-b674-67be8c427428}</UniqueIdentifier>
    </Filter>
  </ItemGroup>
</Project>